<?xml version="1.0" encoding="UTF-8" standalone="yes" ?>
<CodeBlocks_project_file>
	<FileVersion major="1" minor="6" />
	<Project>
		<Option title="JoaninhaFrita123" />
		<Option pch_mode="2" />
		<Option compiler="gcc" />
		<Build>
			<Target title="Debug">
				<Option output="bin/Debug/JoaninhaFrita123" prefix_auto="1" extension_auto="1" />
				<Option object_output="obj/Debug/" />
				<Option type="1" />
				<Option compiler="gcc" />
				<Compiler>
					<Add option="-g" />
					<Add directory="include" />
				</Compiler>
			</Target>
			<Target title="Release">
				<Option output="bin/Release/JoaninhaFrita123" prefix_auto="1" extension_auto="1" />
				<Option object_output="obj/Release/" />
				<Option type="1" />
				<Option compiler="gcc" />
				<Compiler>
					<Add option="-O2" />
					<Add directory="include" />
				</Compiler>
				<Linker>
					<Add option="-s" />
				</Linker>
			</Target>
		</Build>
		<Compiler>
			<Add option="-Wall" />
			<Add option="-fexceptions" />
		</Compiler>
		<Unit filename="include/Arvore.h" />
		<Unit filename="include/Buscas.h" />
		<Unit filename="include/Identificador.h" />
		<Unit filename="include/Joaninha.h" />
		<Unit filename="include/NoArvore.h" />
		<Unit filename="include/Tabuleiro.h" />
		<Unit filename="main.cpp" />
		<Unit filename="src/Arvore.cpp" />
		<Unit filename="src/Buscas.cpp" />
		<Unit filename="src/Identificador.cpp" />
		<Unit filename="src/Joaninha.cpp" />
		<Unit filename="src/NoArvore.cpp" />
		<Unit filename="src/Tabuleiro.cpp" />
		<Extensions />
	</Project>
</CodeBlocks_project_file>
